
Microsoft Visual Studio Solution File, Format Version 12.00
# Visual Studio Version 17
VisualStudioVersion = 17.4.33205.214
MinimumVisualStudioVersion = 10.0.40219.1
Project("{9A19103F-16F7-4668-BE54-9A1E7A4F7556}") = "ConsoleProgram", "ConsoleProgram\ConsoleProgram.csproj", "{1E7F964A-0C64-49DD-8171-32B81E19D68C}"
EndProject
Project("{9A19103F-16F7-4668-BE54-9A1E7A4F7556}") = "ConsoleProgram2", "ConsoleProgram2\ConsoleProgram2.csproj", "{6A8C9928-941A-4806-B5A0-8A6C41A66AB0}"
EndProject
Project("{FAE04EC0-301F-11D3-BF4B-00C04F79EFBC}") = "ConsoleProgram3", "ConsoleProgram3\ConsoleProgram3.csproj", "{108BB061-6427-418C-AAFD-CC2D9258BA21}"
EndProject
Global
	GlobalSection(SolutionConfigurationPlatforms) = preSolution
		Debug|Any CPU = Debug|Any CPU
		Release|Any CPU = Release|Any CPU
	EndGlobalSection
	GlobalSection(ProjectConfigurationPlatforms) = postSolution
		{1E7F964A-0C64-49DD-8171-32B81E19D68C}.Debug|Any CPU.ActiveCfg = Debug|Any CPU
		{1E7F964A-0C64-49DD-8171-32B81E19D68C}.Debug|Any CPU.Build.0 = Debug|Any CPU
		{1E7F964A-0C64-49DD-8171-32B81E19D68C}.Release|Any CPU.ActiveCfg = Release|Any CPU
		{1E7F964A-0C64-49DD-8171-32B81E19D68C}.Release|Any CPU.Build.0 = Release|Any CPU
		{6A8C9928-941A-4806-B5A0-8A6C41A66AB0}.Debug|Any CPU.ActiveCfg = Debug|Any CPU
		{6A8C9928-941A-4806-B5A0-8A6C41A66AB0}.Debug|Any CPU.Build.0 = Debug|Any CPU
		{6A8C9928-941A-4806-B5A0-8A6C41A66AB0}.Release|Any CPU.ActiveCfg = Release|Any CPU
		{6A8C9928-941A-4806-B5A0-8A6C41A66AB0}.Release|Any CPU.Build.0 = Release|Any CPU
		{108BB061-6427-418C-AAFD-CC2D9258BA21}.Debug|Any CPU.ActiveCfg = Debug|Any CPU
		{108BB061-6427-418C-AAFD-CC2D9258BA21}.Debug|Any CPU.Build.0 = Debug|Any CPU
		{108BB061-6427-418C-AAFD-CC2D9258BA21}.Release|Any CPU.ActiveCfg = Release|Any CPU
		{108BB061-6427-418C-AAFD-CC2D9258BA21}.Release|Any CPU.Build.0 = Release|Any CPU
	EndGlobalSection
	GlobalSection(SolutionProperties) = preSolution
		HideSolutionNode = FALSE
	EndGlobalSection
	GlobalSection(ExtensibilityGlobals) = postSolution
		SolutionGuid = {CC48A2E9-5481-4E0F-AF89-F1686208F55F}
	EndGlobalSection
EndGlobal
